
Microsoft Visual Studio Solution File, Format Version 12.00
# Visual Studio 15
VisualStudioVersion = 15.0.28010.2046
MinimumVisualStudioVersion = 10.0.40219.1
Project("{FAE04EC0-301F-11D3-BF4B-00C04F79EFBC}") = "WebApplication1", "WebApplication1\WebApplication1.csproj", "{AA36E93F-BFC5-46F4-B4BC-15478B383839}"
EndProject
Global
	GlobalSection(SolutionConfigurationPlatforms) = preSolution
		Debug|Any CPU = Debug|Any CPU
		Release|Any CPU = Release|Any CPU
	EndGlobalSection
	GlobalSection(ProjectConfigurationPlatforms) = postSolution
		{AA36E93F-BFC5-46F4-B4BC-15478B383839}.Debug|Any CPU.ActiveCfg = Debug|Any CPU
		{AA36E93F-BFC5-46F4-B4BC-15478B383839}.Debug|Any CPU.Build.0 = Debug|Any CPU
		{AA36E93F-BFC5-46F4-B4BC-15478B383839}.Release|Any CPU.ActiveCfg = Release|Any CPU
		{AA36E93F-BFC5-46F4-B4BC-15478B383839}.Release|Any CPU.Build.0 = Release|Any CPU
	EndGlobalSection
	GlobalSection(SolutionProperties) = preSolution
		HideSolutionNode = FALSE
	EndGlobalSection
	GlobalSection(ExtensibilityGlobals) = postSolution
		SolutionGuid = {816AE763-A506-4692-B3E9-F2BE39207E4E}
	EndGlobalSection
EndGlobal
